
Microsoft Visual Studio Solution File, Format Version 12.00
# Visual Studio 14
VisualStudioVersion = 14.0.25123.0
MinimumVisualStudioVersion = 10.0.40219.1
Project("{CC5FD16D-436D-48AD-A40C-5A424C6E3E79}") = "SampleAzureCloudService", "SampleAzureCloudService\SampleAzureCloudService.ccproj", "{9598A73C-1ED6-4CCE-8C2F-E80BF86D7D8D}"
EndProject
Project("{FAE04EC0-301F-11D3-BF4B-00C04F79EFBC}") = "WebRole1", "WebRole1\WebRole1.csproj", "{3C335DFF-A9BE-4482-833B-E13CC7106C71}"
EndProject
Project("{FAE04EC0-301F-11D3-BF4B-00C04F79EFBC}") = "WorkerRole1", "WorkerRole1\WorkerRole1.csproj", "{89905FBA-29AD-49DE-BCA6-0D26BBA4F225}"
EndProject
Global
	GlobalSection(SolutionConfigurationPlatforms) = preSolution
		Debug|Any CPU = Debug|Any CPU
		Release|Any CPU = Release|Any CPU
	EndGlobalSection
	GlobalSection(ProjectConfigurationPlatforms) = postSolution
		{9598A73C-1ED6-4CCE-8C2F-E80BF86D7D8D}.Debug|Any CPU.ActiveCfg = Debug|Any CPU
		{9598A73C-1ED6-4CCE-8C2F-E80BF86D7D8D}.Debug|Any CPU.Build.0 = Debug|Any CPU
		{9598A73C-1ED6-4CCE-8C2F-E80BF86D7D8D}.Release|Any CPU.ActiveCfg = Release|Any CPU
		{9598A73C-1ED6-4CCE-8C2F-E80BF86D7D8D}.Release|Any CPU.Build.0 = Release|Any CPU
		{3C335DFF-A9BE-4482-833B-E13CC7106C71}.Debug|Any CPU.ActiveCfg = Debug|Any CPU
		{3C335DFF-A9BE-4482-833B-E13CC7106C71}.Debug|Any CPU.Build.0 = Debug|Any CPU
		{3C335DFF-A9BE-4482-833B-E13CC7106C71}.Release|Any CPU.ActiveCfg = Release|Any CPU
		{3C335DFF-A9BE-4482-833B-E13CC7106C71}.Release|Any CPU.Build.0 = Release|Any CPU
		{89905FBA-29AD-49DE-BCA6-0D26BBA4F225}.Debug|Any CPU.ActiveCfg = Debug|Any CPU
		{89905FBA-29AD-49DE-BCA6-0D26BBA4F225}.Debug|Any CPU.Build.0 = Debug|Any CPU
		{89905FBA-29AD-49DE-BCA6-0D26BBA4F225}.Release|Any CPU.ActiveCfg = Release|Any CPU
		{89905FBA-29AD-49DE-BCA6-0D26BBA4F225}.Release|Any CPU.Build.0 = Release|Any CPU
	EndGlobalSection
	GlobalSection(SolutionProperties) = preSolution
		HideSolutionNode = FALSE
	EndGlobalSection
EndGlobal
